// !$*UTF8*$!
{
	archiveVersion = 1;
	classes = {
	};
	objectVersion = 48;
	objects = {

/* Begin PBXBuildFile section */
		45FC8A891FF120350042DA75 /* AppDelegate.swift in Sources */ = {isa = PBXBuildFile; fileRef = 45FC8A881FF120350042DA75 /* AppDelegate.swift */; };
		45FC8A8B1FF120350042DA75 /* MainViewController.swift in Sources */ = {isa = PBXBuildFile; fileRef = 45FC8A8A1FF120350042DA75 /* MainViewController.swift */; };
		45FC8A901FF120350042DA75 /* Assets.xcassets in Resources */ = {isa = PBXBuildFile; fileRef = 45FC8A8F1FF120350042DA75 /* Assets.xcassets */; };
		45FC8A931FF120350042DA75 /* LaunchScreen.storyboard in Resources */ = {isa = PBXBuildFile; fileRef = 45FC8A911FF120350042DA75 /* LaunchScreen.storyboard */; };
		45FC8A9B1FF1236F0042DA75 /* MainViewController.xib in Resources */ = {isa = PBXBuildFile; fileRef = 45FC8A9A1FF1236F0042DA75 /* MainViewController.xib */; };
		45FC8A9E1FF13F690042DA75 /* FoodOrderListViewController.swift in Sources */ = {isa = PBXBuildFile; fileRef = 45FC8A9C1FF13F690042DA75 /* FoodOrderListViewController.swift */; };
		45FC8A9F1FF13F6A0042DA75 /* FoodOrderListViewController.xib in Resources */ = {isa = PBXBuildFile; fileRef = 45FC8A9D1FF13F690042DA75 /* FoodOrderListViewController.xib */; };
		84488E121FF18347000DD830 /* launch.png in Resources */ = {isa = PBXBuildFile; fileRef = 84488E111FF18347000DD830 /* launch.png */; };
		84488E161FF18688000DD830 /* CellForFoodOrderTableViewCell.swift in Sources */ = {isa = PBXBuildFile; fileRef = 84488E141FF18688000DD830 /* CellForFoodOrderTableViewCell.swift */; };
		84488E171FF18688000DD830 /* CellForFoodOrderTableViewCell.xib in Resources */ = {isa = PBXBuildFile; fileRef = 84488E151FF18688000DD830 /* CellForFoodOrderTableViewCell.xib */; };
		84488E1B1FF18922000DD830 /* calendar.png in Resources */ = {isa = PBXBuildFile; fileRef = 84488E181FF18921000DD830 /* calendar.png */; };
		84488E1C1FF18922000DD830 /* money.png in Resources */ = {isa = PBXBuildFile; fileRef = 84488E191FF18922000DD830 /* money.png */; };
		84488E1D1FF18922000DD830 /* team.png in Resources */ = {isa = PBXBuildFile; fileRef = 84488E1A1FF18922000DD830 /* team.png */; };
		84488E1F1FF189B8000DD830 /* dinner.png in Resources */ = {isa = PBXBuildFile; fileRef = 84488E1E1FF189B8000DD830 /* dinner.png */; };
/* End PBXBuildFile section */

/* Begin PBXFileReference section */
		45FC8A851FF120350042DA75 /* FoodTracker.app */ = {isa = PBXFileReference; explicitFileType = wrapper.application; includeInIndex = 0; path = FoodTracker.app; sourceTree = BUILT_PRODUCTS_DIR; };
		45FC8A881FF120350042DA75 /* AppDelegate.swift */ = {isa = PBXFileReference; lastKnownFileType = sourcecode.swift; path = AppDelegate.swift; sourceTree = "<group>"; };
		45FC8A8A1FF120350042DA75 /* MainViewController.swift */ = {isa = PBXFileReference; lastKnownFileType = sourcecode.swift; path = MainViewController.swift; sourceTree = "<group>"; };
		45FC8A8F1FF120350042DA75 /* Assets.xcassets */ = {isa = PBXFileReference; lastKnownFileType = folder.assetcatalog; path = Assets.xcassets; sourceTree = "<group>"; };
		45FC8A921FF120350042DA75 /* Base */ = {isa = PBXFileReference; lastKnownFileType = file.storyboard; name = Base; path = Base.lproj/LaunchScreen.storyboard; sourceTree = "<group>"; };
		45FC8A941FF120350042DA75 /* Info.plist */ = {isa = PBXFileReference; lastKnownFileType = text.plist.xml; path = Info.plist; sourceTree = "<group>"; };
		45FC8A9A1FF1236F0042DA75 /* MainViewController.xib */ = {isa = PBXFileReference; lastKnownFileType = file.xib; path = MainViewController.xib; sourceTree = "<group>"; };
		45FC8A9C1FF13F690042DA75 /* FoodOrderListViewController.swift */ = {isa = PBXFileReference; lastKnownFileType = sourcecode.swift; path = FoodOrderListViewController.swift; sourceTree = "<group>"; };
		45FC8A9D1FF13F690042DA75 /* FoodOrderListViewController.xib */ = {isa = PBXFileReference; lastKnownFileType = file.xib; path = FoodOrderListViewController.xib; sourceTree = "<group>"; };
		84488E111FF18347000DD830 /* launch.png */ = {isa = PBXFileReference; lastKnownFileType = image.png; path = launch.png; sourceTree = "<group>"; };
		84488E141FF18688000DD830 /* CellForFoodOrderTableViewCell.swift */ = {isa = PBXFileReference; lastKnownFileType = sourcecode.swift; path = CellForFoodOrderTableViewCell.swift; sourceTree = "<group>"; };
		84488E151FF18688000DD830 /* CellForFoodOrderTableViewCell.xib */ = {isa = PBXFileReference; lastKnownFileType = file.xib; path = CellForFoodOrderTableViewCell.xib; sourceTree = "<group>"; };
		84488E181FF18921000DD830 /* calendar.png */ = {isa = PBXFileReference; lastKnownFileType = image.png; path = calendar.png; sourceTree = "<group>"; };
		84488E191FF18922000DD830 /* money.png */ = {isa = PBXFileReference; lastKnownFileType = image.png; path = money.png; sourceTree = "<group>"; };
		84488E1A1FF18922000DD830 /* team.png */ = {isa = PBXFileReference; lastKnownFileType = image.png; path = team.png; sourceTree = "<group>"; };
		84488E1E1FF189B8000DD830 /* dinner.png */ = {isa = PBXFileReference; lastKnownFileType = image.png; path = dinner.png; sourceTree = "<group>"; };
/* End PBXFileReference section */

/* Begin PBXFrameworksBuildPhase section */
		45FC8A821FF120350042DA75 /* Frameworks */ = {
			isa = PBXFrameworksBuildPhase;
			buildActionMask = 2147483647;
			files = (
			);
			runOnlyForDeploymentPostprocessing = 0;
		};
/* End PBXFrameworksBuildPhase section */

/* Begin PBXGroup section */
		45FC8A7C1FF120350042DA75 = {
			isa = PBXGroup;
			children = (
				84488E1E1FF189B8000DD830 /* dinner.png */,
				84488E181FF18921000DD830 /* calendar.png */,
				84488E191FF18922000DD830 /* money.png */,
				84488E1A1FF18922000DD830 /* team.png */,
				84488E111FF18347000DD830 /* launch.png */,
				45FC8A871FF120350042DA75 /* FoodTracker */,
				45FC8A861FF120350042DA75 /* Products */,
			);
			sourceTree = "<group>";
		};
		45FC8A861FF120350042DA75 /* Products */ = {
			isa = PBXGroup;
			children = (
				45FC8A851FF120350042DA75 /* FoodTracker.app */,
			);
			name = Products;
			sourceTree = "<group>";
		};
		45FC8A871FF120350042DA75 /* FoodTracker */ = {
			isa = PBXGroup;
			children = (
				84488E131FF18655000DD830 /* Food Order List */,
				45FC8A881FF120350042DA75 /* AppDelegate.swift */,
				45FC8A8A1FF120350042DA75 /* MainViewController.swift */,
				45FC8A9A1FF1236F0042DA75 /* MainViewController.xib */,
				45FC8A8F1FF120350042DA75 /* Assets.xcassets */,
				45FC8A911FF120350042DA75 /* LaunchScreen.storyboard */,
				45FC8A941FF120350042DA75 /* Info.plist */,
			);
			path = FoodTracker;
			sourceTree = "<group>";
		};
		84488E131FF18655000DD830 /* Food Order List */ = {
			isa = PBXGroup;
			children = (
				45FC8A9C1FF13F690042DA75 /* FoodOrderListViewController.swift */,
				45FC8A9D1FF13F690042DA75 /* FoodOrderListViewController.xib */,
				84488E141FF18688000DD830 /* CellForFoodOrderTableViewCell.swift */,
				84488E151FF18688000DD830 /* CellForFoodOrderTableViewCell.xib */,
			);
			path = "Food Order List";
			sourceTree = "<group>";
		};
/* End PBXGroup section */

/* Begin PBXNativeTarget section */
		45FC8A841FF120350042DA75 /* FoodTracker */ = {
			isa = PBXNativeTarget;
			buildConfigurationList = 45FC8A971FF120350042DA75 /* Build configuration list for PBXNativeTarget "FoodTracker" */;
			buildPhases = (
				45FC8A811FF120350042DA75 /* Sources */,
				45FC8A821FF120350042DA75 /* Frameworks */,
				45FC8A831FF120350042DA75 /* Resources */,
			);
			buildRules = (
			);
			dependencies = (
			);
			name = FoodTracker;
			productName = FoodTracker;
			productReference = 45FC8A851FF120350042DA75 /* FoodTracker.app */;
			productType = "com.apple.product-type.application";
		};
/* End PBXNativeTarget section */

/* Begin PBXProject section */
		45FC8A7D1FF120350042DA75 /* Project object */ = {
			isa = PBXProject;
			attributes = {
				LastSwiftUpdateCheck = 0920;
				LastUpgradeCheck = 0920;
				ORGANIZATIONNAME = ERES;
				TargetAttributes = {
					45FC8A841FF120350042DA75 = {
						CreatedOnToolsVersion = 9.2;
						ProvisioningStyle = Automatic;
					};
				};
			};
			buildConfigurationList = 45FC8A801FF120350042DA75 /* Build configuration list for PBXProject "FoodTracker" */;
			compatibilityVersion = "Xcode 8.0";
			developmentRegion = en;
			hasScannedForEncodings = 0;
			knownRegions = (
				en,
				Base,
			);
			mainGroup = 45FC8A7C1FF120350042DA75;
			productRefGroup = 45FC8A861FF120350042DA75 /* Products */;
			projectDirPath = "";
			projectRoot = "";
			targets = (
				45FC8A841FF120350042DA75 /* FoodTracker */,
			);
		};
/* End PBXProject section */

/* Begin PBXResourcesBuildPhase section */
		45FC8A831FF120350042DA75 /* Resources */ = {
			isa = PBXResourcesBuildPhase;
			buildActionMask = 2147483647;
			files = (
				84488E1B1FF18922000DD830 /* calendar.png in Resources */,
				84488E171FF18688000DD830 /* CellForFoodOrderTableViewCell.xib in Resources */,
				84488E1D1FF18922000DD830 /* team.png in Resources */,
				45FC8A931FF120350042DA75 /* LaunchScreen.storyboard in Resources */,
				84488E121FF18347000DD830 /* launch.png in Resources */,
				84488E1C1FF18922000DD830 /* money.png in Resources */,
				45FC8A901FF120350042DA75 /* Assets.xcassets in Resources */,
				84488E1F1FF189B8000DD830 /* dinner.png in Resources */,
				45FC8A9B1FF1236F0042DA75 /* MainViewController.xib in Resources */,
				45FC8A9F1FF13F6A0042DA75 /* FoodOrderListViewController.xib in Resources */,
			);
			runOnlyForDeploymentPostprocessing = 0;
		};
/* End PBXResourcesBuildPhase section */

/* Begin PBXSourcesBuildPhase section */
		45FC8A811FF120350042DA75 /* Sources */ = {
			isa = PBXSourcesBuildPhase;
			buildActionMask = 2147483647;
			files = (
				84488E161FF18688000DD830 /* CellForFoodOrderTableViewCell.swift in Sources */,
				45FC8A9E1FF13F690042DA75 /* FoodOrderListViewController.swift in Sources */,
				45FC8A8B1FF120350042DA75 /* MainViewController.swift in Sources */,
				45FC8A891FF120350042DA75 /* AppDelegate.swift in Sources */,
			);
			runOnlyForDeploymentPostprocessing = 0;
		};
/* End PBXSourcesBuildPhase section */

/* Begin PBXVariantGroup section */
		45FC8A911FF120350042DA75 /* LaunchScreen.storyboard */ = {
			isa = PBXVariantGroup;
			children = (
				45FC8A921FF120350042DA75 /* Base */,
			);
			name = LaunchScreen.storyboard;
			sourceTree = "<group>";
		};
/* End PBXVariantGroup section */

/* Begin XCBuildConfiguration section */
		45FC8A951FF120350042DA75 /* Debug */ = {
			isa = XCBuildConfiguration;
			buildSettings = {
				ALWAYS_SEARCH_USER_PATHS = NO;
				CLANG_ANALYZER_NONNULL = YES;
				CLANG_ANALYZER_NUMBER_OBJECT_CONVERSION = YES_AGGRESSIVE;
				CLANG_CXX_LANGUAGE_STANDARD = "gnu++14";
				CLANG_CXX_LIBRARY = "libc++";
				CLANG_ENABLE_MODULES = YES;
				CLANG_ENABLE_OBJC_ARC = YES;
				CLANG_WARN_BLOCK_CAPTURE_AUTORELEASING = YES;
				CLANG_WARN_BOOL_CONVERSION = YES;
				CLANG_WARN_COMMA = YES;
				CLANG_WARN_CONSTANT_CONVERSION = YES;
				CLANG_WARN_DIRECT_OBJC_ISA_USAGE = YES_ERROR;
				CLANG_WARN_DOCUMENTATION_COMMENTS = YES;
				CLANG_WARN_EMPTY_BODY = YES;
				CLANG_WARN_ENUM_CONVERSION = YES;
				CLANG_WARN_INFINITE_RECURSION = YES;
				CLANG_WARN_INT_CONVERSION = YES;
				CLANG_WARN_NON_LITERAL_NULL_CONVERSION = YES;
				CLANG_WARN_OBJC_LITERAL_CONVERSION = YES;
				CLANG_WARN_OBJC_ROOT_CLASS = YES_ERROR;
				CLANG_WARN_RANGE_LOOP_ANALYSIS = YES;
				CLANG_WARN_STRICT_PROTOTYPES = YES;
				CLANG_WARN_SUSPICIOUS_MOVE = YES;
				CLANG_WARN_UNGUARDED_AVAILABILITY = YES_AGGRESSIVE;
				CLANG_WARN_UNREACHABLE_CODE = YES;
				CLANG_WARN__DUPLICATE_METHOD_MATCH = YES;
				CODE_SIGN_IDENTITY = "iPhone Developer";
				COPY_PHASE_STRIP = NO;
				DEBUG_INFORMATION_FORMAT = dwarf;
				ENABLE_STRICT_OBJC_MSGSEND = YES;
				ENABLE_TESTABILITY = YES;
				GCC_C_LANGUAGE_STANDARD = gnu11;
				GCC_DYNAMIC_NO_PIC = NO;
				GCC_NO_COMMON_BLOCKS = YES;
				GCC_OPTIMIZATION_LEVEL = 0;
				GCC_PREPROCESSOR_DEFINITIONS = (
					"DEBUG=1",
					"$(inherited)",
				);
				GCC_WARN_64_TO_32_BIT_CONVERSION = YES;
				GCC_WARN_ABOUT_RETURN_TYPE = YES_ERROR;
				GCC_WARN_UNDECLARED_SELECTOR = YES;
				GCC_WARN_UNINITIALIZED_AUTOS = YES_AGGRESSIVE;
				GCC_WARN_UNUSED_FUNCTION = YES;
				GCC_WARN_UNUSED_VARIABLE = YES;
				IPHONEOS_DEPLOYMENT_TARGET = 11.2;
				MTL_ENABLE_DEBUG_INFO = YES;
				ONLY_ACTIVE_ARCH = YES;
				SDKROOT = iphoneos;
				SWIFT_ACTIVE_COMPILATION_CONDITIONS = DEBUG;
				SWIFT_OPTIMIZATION_LEVEL = "-Onone";
			};
			name = Debug;
		};
		45FC8A961FF120350042DA75 /* Release */ = {
			isa = XCBuildConfiguration;
			buildSettings = {
				ALWAYS_SEARCH_USER_PATHS = NO;
				CLANG_ANALYZER_NONNULL = YES;
				CLANG_ANALYZER_NUMBER_OBJECT_CONVERSION = YES_AGGRESSIVE;
				CLANG_CXX_LANGUAGE_STANDARD = "gnu++14";
				CLANG_CXX_LIBRARY = "libc++";
				CLANG_ENABLE_MODULES = YES;
				CLANG_ENABLE_OBJC_ARC = YES;
				CLANG_WARN_BLOCK_CAPTURE_AUTORELEASING = YES;
				CLANG_WARN_BOOL_CONVERSION = YES;
				CLANG_WARN_COMMA = YES;
				CLANG_WARN_CONSTANT_CONVERSION = YES;
				CLANG_WARN_DIRECT_OBJC_ISA_USAGE = YES_ERROR;
				CLANG_WARN_DOCUMENTATION_COMMENTS = YES;
				CLANG_WARN_EMPTY_BODY = YES;
				CLANG_WARN_ENUM_CONVERSION = YES;
				CLANG_WARN_INFINITE_RECURSION = YES;
				CLANG_WARN_INT_CONVERSION = YES;
				CLANG_WARN_NON_LITERAL_NULL_CONVERSION = YES;
				CLANG_WARN_OBJC_LITERAL_CONVERSION = YES;
				CLANG_WARN_OBJC_ROOT_CLASS = YES_ERROR;
				CLANG_WARN_RANGE_LOOP_ANALYSIS = YES;
				CLANG_WARN_STRICT_PROTOTYPES = YES;
				CLANG_WARN_SUSPICIOUS_MOVE = YES;
				CLANG_WARN_UNGUARDED_AVAILABILITY = YES_AGGRESSIVE;
				CLANG_WARN_UNREACHABLE_CODE = YES;
				CLANG_WARN__DUPLICATE_METHOD_MATCH = YES;
				CODE_SIGN_IDENTITY = "iPhone Developer";
				COPY_PHASE_STRIP = NO;
				DEBUG_INFORMATION_FORMAT = "dwarf-with-dsym";
				ENABLE_NS_ASSERTIONS = NO;
				ENABLE_STRICT_OBJC_MSGSEND = YES;
				GCC_C_LANGUAGE_STANDARD = gnu11;
				GCC_NO_COMMON_BLOCKS = YES;
				GCC_WARN_64_TO_32_BIT_CONVERSION = YES;
				GCC_WARN_ABOUT_RETURN_TYPE = YES_ERROR;
				GCC_WARN_UNDECLARED_SELECTOR = YES;
				GCC_WARN_UNINITIALIZED_AUTOS = YES_AGGRESSIVE;
				GCC_WARN_UNUSED_FUNCTION = YES;
				GCC_WARN_UNUSED_VARIABLE = YES;
				IPHONEOS_DEPLOYMENT_TARGET = 11.2;
				MTL_ENABLE_DEBUG_INFO = NO;
				SDKROOT = iphoneos;
				SWIFT_OPTIMIZATION_LEVEL = "-Owholemodule";
				VALIDATE_PRODUCT = YES;
			};
			name = Release;
		};
		45FC8A981FF120350042DA75 /* Debug */ = {
			isa = XCBuildConfiguration;
			buildSettings = {
				ASSETCATALOG_COMPILER_APPICON_NAME = AppIcon;
				ASSETCATALOG_COMPILER_LAUNCHIMAGE_NAME = LaunchImage;
				CODE_SIGN_STYLE = Automatic;
				DEVELOPMENT_TEAM = 58PD6383K8;
				INFOPLIST_FILE = FoodTracker/Info.plist;
				LD_RUNPATH_SEARCH_PATHS = "$(inherited) @executable_path/Frameworks";
				PRODUCT_BUNDLE_IDENTIFIER = com.ERES.FoodTracker;
				PRODUCT_NAME = "$(TARGET_NAME)";
				SWIFT_VERSION = 4.0;
				TARGETED_DEVICE_FAMILY = "1,2";
			};
			name = Debug;
		};
		45FC8A991FF120350042DA75 /* Release */ = {
			isa = XCBuildConfiguration;
			buildSettings = {
				ASSETCATALOG_COMPILER_APPICON_NAME = AppIcon;
				ASSETCATALOG_COMPILER_LAUNCHIMAGE_NAME = LaunchImage;
				CODE_SIGN_STYLE = Automatic;
				DEVELOPMENT_TEAM = 58PD6383K8;
				INFOPLIST_FILE = FoodTracker/Info.plist;
				LD_RUNPATH_SEARCH_PATHS = "$(inherited) @executable_path/Frameworks";
				PRODUCT_BUNDLE_IDENTIFIER = com.ERES.FoodTracker;
				PRODUCT_NAME = "$(TARGET_NAME)";
				SWIFT_VERSION = 4.0;
				TARGETED_DEVICE_FAMILY = "1,2";
			};
			name = Release;
		};
/* End XCBuildConfiguration section */

/* Begin XCConfigurationList section */
		45FC8A801FF120350042DA75 /* Build configuration list for PBXProject "FoodTracker" */ = {
			isa = XCConfigurationList;
			buildConfigurations = (
				45FC8A951FF120350042DA75 /* Debug */,
				45FC8A961FF120350042DA75 /* Release */,
			);
			defaultConfigurationIsVisible = 0;
			defaultConfigurationName = Release;
		};
		45FC8A971FF120350042DA75 /* Build configuration list for PBXNativeTarget "FoodTracker" */ = {
			isa = XCConfigurationList;
			buildConfigurations = (
				45FC8A981FF120350042DA75 /* Debug */,
				45FC8A991FF120350042DA75 /* Release */,
			);
			defaultConfigurationIsVisible = 0;
			defaultConfigurationName = Release;
		};
/* End XCConfigurationList section */
	};
	rootObject = 45FC8A7D1FF120350042DA75 /* Project object */;
}
